// !$*UTF8*$!
{
	archiveVersion = 1;
	classes = {
	};
	objectVersion = 50;
	objects = {

/* Begin PBXBuildFile section */
		750B1CBC263187EC004B0AD7 /* AfricaApp.swift in Sources */ = {isa = PBXBuildFile; fileRef = 750B1CBB263187EC004B0AD7 /* AfricaApp.swift */; };
		750B1CBE263187EC004B0AD7 /* ContentView.swift in Sources */ = {isa = PBXBuildFile; fileRef = 750B1CBD263187EC004B0AD7 /* ContentView.swift */; };
		750B1CC0263187ED004B0AD7 /* Assets.xcassets in Resources */ = {isa = PBXBuildFile; fileRef = 750B1CBF263187ED004B0AD7 /* Assets.xcassets */; };
		750B1CC3263187ED004B0AD7 /* Preview Assets.xcassets in Resources */ = {isa = PBXBuildFile; fileRef = 750B1CC2263187ED004B0AD7 /* Preview Assets.xcassets */; };
		75E7390226324AE4007E778D /* gorilla.mp4 in Resources */ = {isa = PBXBuildFile; fileRef = 75E738F826324AE2007E778D /* gorilla.mp4 */; };
		75E7390326324AE4007E778D /* rhino.mp4 in Resources */ = {isa = PBXBuildFile; fileRef = 75E738F926324AE2007E778D /* rhino.mp4 */; };
		75E7390426324AE4007E778D /* zebra.mp4 in Resources */ = {isa = PBXBuildFile; fileRef = 75E738FA26324AE2007E778D /* zebra.mp4 */; };
		75E7390526324AE4007E778D /* elephant.mp4 in Resources */ = {isa = PBXBuildFile; fileRef = 75E738FB26324AE3007E778D /* elephant.mp4 */; };
		75E7390626324AE4007E778D /* lioness.mp4 in Resources */ = {isa = PBXBuildFile; fileRef = 75E738FC26324AE3007E778D /* lioness.mp4 */; };
		75E7390726324AE4007E778D /* lion.mp4 in Resources */ = {isa = PBXBuildFile; fileRef = 75E738FD26324AE3007E778D /* lion.mp4 */; };
		75E7390826324AE4007E778D /* hippo.mp4 in Resources */ = {isa = PBXBuildFile; fileRef = 75E738FE26324AE3007E778D /* hippo.mp4 */; };
		75E7390926324AE4007E778D /* ostrich.mp4 in Resources */ = {isa = PBXBuildFile; fileRef = 75E738FF26324AE4007E778D /* ostrich.mp4 */; };
		75E7390A26324AE4007E778D /* cheetah.mp4 in Resources */ = {isa = PBXBuildFile; fileRef = 75E7390026324AE4007E778D /* cheetah.mp4 */; };
		75E7390B26324AE4007E778D /* giraffe.mp4 in Resources */ = {isa = PBXBuildFile; fileRef = 75E7390126324AE4007E778D /* giraffe.mp4 */; };
		75E7391226324B29007E778D /* animals.json in Resources */ = {isa = PBXBuildFile; fileRef = 75E7390E26324B29007E778D /* animals.json */; };
		75E7391326324B29007E778D /* locations.json in Resources */ = {isa = PBXBuildFile; fileRef = 75E7390F26324B29007E778D /* locations.json */; };
		75E7391426324B29007E778D /* videos.json in Resources */ = {isa = PBXBuildFile; fileRef = 75E7391026324B29007E778D /* videos.json */; };
		75E7391526324B29007E778D /* covers.json in Resources */ = {isa = PBXBuildFile; fileRef = 75E7391126324B29007E778D /* covers.json */; };
		75E7391B26324CFD007E778D /* VideoListView.swift in Sources */ = {isa = PBXBuildFile; fileRef = 75E7391A26324CFD007E778D /* VideoListView.swift */; };
		75E7391E26324D17007E778D /* MapView.swift in Sources */ = {isa = PBXBuildFile; fileRef = 75E7391D26324D17007E778D /* MapView.swift */; };
		75E7392126324D2D007E778D /* GalleryView.swift in Sources */ = {isa = PBXBuildFile; fileRef = 75E7392026324D2D007E778D /* GalleryView.swift */; };
		75E7392426324D44007E778D /* MainView.swift in Sources */ = {isa = PBXBuildFile; fileRef = 75E7392326324D44007E778D /* MainView.swift */; };
		75E7392826324FE2007E778D /* CoverImageView.swift in Sources */ = {isa = PBXBuildFile; fileRef = 75E7392726324FE2007E778D /* CoverImageView.swift */; };
		75E7392C2632519D007E778D /* CoverImageModel.swift in Sources */ = {isa = PBXBuildFile; fileRef = 75E7392B2632519D007E778D /* CoverImageModel.swift */; };
		75E73930263252CF007E778D /* CodableBundleExtension.swift in Sources */ = {isa = PBXBuildFile; fileRef = 75E7392F263252CF007E778D /* CodableBundleExtension.swift */; };
/* End PBXBuildFile section */

/* Begin PBXFileReference section */
		750B1CB8263187EC004B0AD7 /* Africa.app */ = {isa = PBXFileReference; explicitFileType = wrapper.application; includeInIndex = 0; path = Africa.app; sourceTree = BUILT_PRODUCTS_DIR; };
		750B1CBB263187EC004B0AD7 /* AfricaApp.swift */ = {isa = PBXFileReference; lastKnownFileType = sourcecode.swift; path = AfricaApp.swift; sourceTree = "<group>"; };
		750B1CBD263187EC004B0AD7 /* ContentView.swift */ = {isa = PBXFileReference; lastKnownFileType = sourcecode.swift; path = ContentView.swift; sourceTree = "<group>"; };
		750B1CBF263187ED004B0AD7 /* Assets.xcassets */ = {isa = PBXFileReference; lastKnownFileType = folder.assetcatalog; path = Assets.xcassets; sourceTree = "<group>"; };
		750B1CC2263187ED004B0AD7 /* Preview Assets.xcassets */ = {isa = PBXFileReference; lastKnownFileType = folder.assetcatalog; path = "Preview Assets.xcassets"; sourceTree = "<group>"; };
		750B1CC4263187ED004B0AD7 /* Info.plist */ = {isa = PBXFileReference; lastKnownFileType = text.plist.xml; path = Info.plist; sourceTree = "<group>"; };
		75E738F826324AE2007E778D /* gorilla.mp4 */ = {isa = PBXFileReference; lastKnownFileType = file; path = gorilla.mp4; sourceTree = "<group>"; };
		75E738F926324AE2007E778D /* rhino.mp4 */ = {isa = PBXFileReference; lastKnownFileType = file; path = rhino.mp4; sourceTree = "<group>"; };
		75E738FA26324AE2007E778D /* zebra.mp4 */ = {isa = PBXFileReference; lastKnownFileType = file; path = zebra.mp4; sourceTree = "<group>"; };
		75E738FB26324AE3007E778D /* elephant.mp4 */ = {isa = PBXFileReference; lastKnownFileType = file; path = elephant.mp4; sourceTree = "<group>"; };
		75E738FC26324AE3007E778D /* lioness.mp4 */ = {isa = PBXFileReference; lastKnownFileType = file; path = lioness.mp4; sourceTree = "<group>"; };
		75E738FD26324AE3007E778D /* lion.mp4 */ = {isa = PBXFileReference; lastKnownFileType = file; path = lion.mp4; sourceTree = "<group>"; };
		75E738FE26324AE3007E778D /* hippo.mp4 */ = {isa = PBXFileReference; lastKnownFileType = file; path = hippo.mp4; sourceTree = "<group>"; };
		75E738FF26324AE4007E778D /* ostrich.mp4 */ = {isa = PBXFileReference; lastKnownFileType = file; path = ostrich.mp4; sourceTree = "<group>"; };
		75E7390026324AE4007E778D /* cheetah.mp4 */ = {isa = PBXFileReference; lastKnownFileType = file; path = cheetah.mp4; sourceTree = "<group>"; };
		75E7390126324AE4007E778D /* giraffe.mp4 */ = {isa = PBXFileReference; lastKnownFileType = file; path = giraffe.mp4; sourceTree = "<group>"; };
		75E7390E26324B29007E778D /* animals.json */ = {isa = PBXFileReference; fileEncoding = 4; lastKnownFileType = text.json; path = animals.json; sourceTree = "<group>"; };
		75E7390F26324B29007E778D /* locations.json */ = {isa = PBXFileReference; fileEncoding = 4; lastKnownFileType = text.json; path = locations.json; sourceTree = "<group>"; };
		75E7391026324B29007E778D /* videos.json */ = {isa = PBXFileReference; fileEncoding = 4; lastKnownFileType = text.json; path = videos.json; sourceTree = "<group>"; };
		75E7391126324B29007E778D /* covers.json */ = {isa = PBXFileReference; fileEncoding = 4; lastKnownFileType = text.json; path = covers.json; sourceTree = "<group>"; };
		75E7391A26324CFD007E778D /* VideoListView.swift */ = {isa = PBXFileReference; lastKnownFileType = sourcecode.swift; path = VideoListView.swift; sourceTree = "<group>"; };
		75E7391D26324D17007E778D /* MapView.swift */ = {isa = PBXFileReference; lastKnownFileType = sourcecode.swift; path = MapView.swift; sourceTree = "<group>"; };
		75E7392026324D2D007E778D /* GalleryView.swift */ = {isa = PBXFileReference; lastKnownFileType = sourcecode.swift; path = GalleryView.swift; sourceTree = "<group>"; };
		75E7392326324D44007E778D /* MainView.swift */ = {isa = PBXFileReference; lastKnownFileType = sourcecode.swift; path = MainView.swift; sourceTree = "<group>"; };
		75E7392726324FE2007E778D /* CoverImageView.swift */ = {isa = PBXFileReference; lastKnownFileType = sourcecode.swift; path = CoverImageView.swift; sourceTree = "<group>"; };
		75E7392B2632519D007E778D /* CoverImageModel.swift */ = {isa = PBXFileReference; lastKnownFileType = sourcecode.swift; path = CoverImageModel.swift; sourceTree = "<group>"; };
		75E7392F263252CF007E778D /* CodableBundleExtension.swift */ = {isa = PBXFileReference; lastKnownFileType = sourcecode.swift; path = CodableBundleExtension.swift; sourceTree = "<group>"; };
/* End PBXFileReference section */

/* Begin PBXFrameworksBuildPhase section */
		750B1CB5263187EC004B0AD7 /* Frameworks */ = {
			isa = PBXFrameworksBuildPhase;
			buildActionMask = 2147483647;
			files = (
			);
			runOnlyForDeploymentPostprocessing = 0;
		};
/* End PBXFrameworksBuildPhase section */

/* Begin PBXGroup section */
		750B1CAF263187EC004B0AD7 = {
			isa = PBXGroup;
			children = (
				750B1CBA263187EC004B0AD7 /* Africa */,
				750B1CB9263187EC004B0AD7 /* Products */,
			);
			sourceTree = "<group>";
		};
		750B1CB9263187EC004B0AD7 /* Products */ = {
			isa = PBXGroup;
			children = (
				750B1CB8263187EC004B0AD7 /* Africa.app */,
			);
			name = Products;
			sourceTree = "<group>";
		};
		750B1CBA263187EC004B0AD7 /* Africa */ = {
			isa = PBXGroup;
			children = (
				75E7392E263252B3007E778D /* Extension */,
				75E7392A2632518C007E778D /* Model */,
				75E7392626324FCB007E778D /* View */,
				75E7390D26324B07007E778D /* Data */,
				75E738F726324AB8007E778D /* Video */,
				75E7391826324CBD007E778D /* App */,
				750B1CBF263187ED004B0AD7 /* Assets.xcassets */,
				750B1CC4263187ED004B0AD7 /* Info.plist */,
				750B1CC1263187ED004B0AD7 /* Preview Content */,
			);
			path = Africa;
			sourceTree = "<group>";
		};
		750B1CC1263187ED004B0AD7 /* Preview Content */ = {
			isa = PBXGroup;
			children = (
				750B1CC2263187ED004B0AD7 /* Preview Assets.xcassets */,
			);
			path = "Preview Content";
			sourceTree = "<group>";
		};
		75E738F726324AB8007E778D /* Video */ = {
			isa = PBXGroup;
			children = (
				75E7390026324AE4007E778D /* cheetah.mp4 */,
				75E738FB26324AE3007E778D /* elephant.mp4 */,
				75E7390126324AE4007E778D /* giraffe.mp4 */,
				75E738F826324AE2007E778D /* gorilla.mp4 */,
				75E738FE26324AE3007E778D /* hippo.mp4 */,
				75E738FD26324AE3007E778D /* lion.mp4 */,
				75E738FC26324AE3007E778D /* lioness.mp4 */,
				75E738FF26324AE4007E778D /* ostrich.mp4 */,
				75E738F926324AE2007E778D /* rhino.mp4 */,
				75E738FA26324AE2007E778D /* zebra.mp4 */,
			);
			path = Video;
			sourceTree = "<group>";
		};
		75E7390D26324B07007E778D /* Data */ = {
			isa = PBXGroup;
			children = (
				75E7390E26324B29007E778D /* animals.json */,
				75E7391126324B29007E778D /* covers.json */,
				75E7390F26324B29007E778D /* locations.json */,
				75E7391026324B29007E778D /* videos.json */,
			);
			path = Data;
			sourceTree = "<group>";
		};
		75E7391826324CBD007E778D /* App */ = {
			isa = PBXGroup;
			children = (
				750B1CBB263187EC004B0AD7 /* AfricaApp.swift */,
				750B1CBD263187EC004B0AD7 /* ContentView.swift */,
				75E7391A26324CFD007E778D /* VideoListView.swift */,
				75E7391D26324D17007E778D /* MapView.swift */,
				75E7392026324D2D007E778D /* GalleryView.swift */,
				75E7392326324D44007E778D /* MainView.swift */,
			);
			path = App;
			sourceTree = "<group>";
		};
		75E7392626324FCB007E778D /* View */ = {
			isa = PBXGroup;
			children = (
				75E7392726324FE2007E778D /* CoverImageView.swift */,
			);
			path = View;
			sourceTree = "<group>";
		};
		75E7392A2632518C007E778D /* Model */ = {
			isa = PBXGroup;
			children = (
				75E7392B2632519D007E778D /* CoverImageModel.swift */,
			);
			path = Model;
			sourceTree = "<group>";
		};
		75E7392E263252B3007E778D /* Extension */ = {
			isa = PBXGroup;
			children = (
				75E7392F263252CF007E778D /* CodableBundleExtension.swift */,
			);
			path = Extension;
			sourceTree = "<group>";
		};
/* End PBXGroup section */

/* Begin PBXNativeTarget section */
		750B1CB7263187EC004B0AD7 /* Africa */ = {
			isa = PBXNativeTarget;
			buildConfigurationList = 750B1CC7263187ED004B0AD7 /* Build configuration list for PBXNativeTarget "Africa" */;
			buildPhases = (
				750B1CB4263187EC004B0AD7 /* Sources */,
				750B1CB5263187EC004B0AD7 /* Frameworks */,
				750B1CB6263187EC004B0AD7 /* Resources */,
			);
			buildRules = (
			);
			dependencies = (
			);
			name = Africa;
			productName = Africa;
			productReference = 750B1CB8263187EC004B0AD7 /* Africa.app */;
			productType = "com.apple.product-type.application";
		};
/* End PBXNativeTarget section */

/* Begin PBXProject section */
		750B1CB0263187EC004B0AD7 /* Project object */ = {
			isa = PBXProject;
			attributes = {
				LastSwiftUpdateCheck = 1240;
				LastUpgradeCheck = 1240;
				TargetAttributes = {
					750B1CB7263187EC004B0AD7 = {
						CreatedOnToolsVersion = 12.4;
					};
				};
			};
			buildConfigurationList = 750B1CB3263187EC004B0AD7 /* Build configuration list for PBXProject "Africa" */;
			compatibilityVersion = "Xcode 9.3";
			developmentRegion = en;
			hasScannedForEncodings = 0;
			knownRegions = (
				en,
				Base,
			);
			mainGroup = 750B1CAF263187EC004B0AD7;
			productRefGroup = 750B1CB9263187EC004B0AD7 /* Products */;
			projectDirPath = "";
			projectRoot = "";
			targets = (
				750B1CB7263187EC004B0AD7 /* Africa */,
			);
		};
/* End PBXProject section */

/* Begin PBXResourcesBuildPhase section */
		750B1CB6263187EC004B0AD7 /* Resources */ = {
			isa = PBXResourcesBuildPhase;
			buildActionMask = 2147483647;
			files = (
				75E7391326324B29007E778D /* locations.json in Resources */,
				75E7390326324AE4007E778D /* rhino.mp4 in Resources */,
				75E7391426324B29007E778D /* videos.json in Resources */,
				75E7390826324AE4007E778D /* hippo.mp4 in Resources */,
				75E7390B26324AE4007E778D /* giraffe.mp4 in Resources */,
				75E7391526324B29007E778D /* covers.json in Resources */,
				75E7390726324AE4007E778D /* lion.mp4 in Resources */,
				75E7390426324AE4007E778D /* zebra.mp4 in Resources */,
				75E7390526324AE4007E778D /* elephant.mp4 in Resources */,
				750B1CC3263187ED004B0AD7 /* Preview Assets.xcassets in Resources */,
				75E7391226324B29007E778D /* animals.json in Resources */,
				75E7390226324AE4007E778D /* gorilla.mp4 in Resources */,
				75E7390626324AE4007E778D /* lioness.mp4 in Resources */,
				75E7390926324AE4007E778D /* ostrich.mp4 in Resources */,
				750B1CC0263187ED004B0AD7 /* Assets.xcassets in Resources */,
				75E7390A26324AE4007E778D /* cheetah.mp4 in Resources */,
			);
			runOnlyForDeploymentPostprocessing = 0;
		};
/* End PBXResourcesBuildPhase section */

/* Begin PBXSourcesBuildPhase section */
		750B1CB4263187EC004B0AD7 /* Sources */ = {
			isa = PBXSourcesBuildPhase;
			buildActionMask = 2147483647;
			files = (
				750B1CBE263187EC004B0AD7 /* ContentView.swift in Sources */,
				75E7392426324D44007E778D /* MainView.swift in Sources */,
				75E7392826324FE2007E778D /* CoverImageView.swift in Sources */,
				75E7392C2632519D007E778D /* CoverImageModel.swift in Sources */,
				75E7391E26324D17007E778D /* MapView.swift in Sources */,
				750B1CBC263187EC004B0AD7 /* AfricaApp.swift in Sources */,
				75E7391B26324CFD007E778D /* VideoListView.swift in Sources */,
				75E7392126324D2D007E778D /* GalleryView.swift in Sources */,
				75E73930263252CF007E778D /* CodableBundleExtension.swift in Sources */,
			);
			runOnlyForDeploymentPostprocessing = 0;
		};
/* End PBXSourcesBuildPhase section */

/* Begin XCBuildConfiguration section */
		750B1CC5263187ED004B0AD7 /* Debug */ = {
			isa = XCBuildConfiguration;
			buildSettings = {
				ALWAYS_SEARCH_USER_PATHS = NO;
				CLANG_ANALYZER_NONNULL = YES;
				CLANG_ANALYZER_NUMBER_OBJECT_CONVERSION = YES_AGGRESSIVE;
				CLANG_CXX_LANGUAGE_STANDARD = "gnu++14";
				CLANG_CXX_LIBRARY = "libc++";
				CLANG_ENABLE_MODULES = YES;
				CLANG_ENABLE_OBJC_ARC = YES;
				CLANG_ENABLE_OBJC_WEAK = YES;
				CLANG_WARN_BLOCK_CAPTURE_AUTORELEASING = YES;
				CLANG_WARN_BOOL_CONVERSION = YES;
				CLANG_WARN_COMMA = YES;
				CLANG_WARN_CONSTANT_CONVERSION = YES;
				CLANG_WARN_DEPRECATED_OBJC_IMPLEMENTATIONS = YES;
				CLANG_WARN_DIRECT_OBJC_ISA_USAGE = YES_ERROR;
				CLANG_WARN_DOCUMENTATION_COMMENTS = YES;
				CLANG_WARN_EMPTY_BODY = YES;
				CLANG_WARN_ENUM_CONVERSION = YES;
				CLANG_WARN_INFINITE_RECURSION = YES;
				CLANG_WARN_INT_CONVERSION = YES;
				CLANG_WARN_NON_LITERAL_NULL_CONVERSION = YES;
				CLANG_WARN_OBJC_IMPLICIT_RETAIN_SELF = YES;
				CLANG_WARN_OBJC_LITERAL_CONVERSION = YES;
				CLANG_WARN_OBJC_ROOT_CLASS = YES_ERROR;
				CLANG_WARN_QUOTED_INCLUDE_IN_FRAMEWORK_HEADER = YES;
				CLANG_WARN_RANGE_LOOP_ANALYSIS = YES;
				CLANG_WARN_STRICT_PROTOTYPES = YES;
				CLANG_WARN_SUSPICIOUS_MOVE = YES;
				CLANG_WARN_UNGUARDED_AVAILABILITY = YES_AGGRESSIVE;
				CLANG_WARN_UNREACHABLE_CODE = YES;
				CLANG_WARN__DUPLICATE_METHOD_MATCH = YES;
				COPY_PHASE_STRIP = NO;
				DEBUG_INFORMATION_FORMAT = dwarf;
				ENABLE_STRICT_OBJC_MSGSEND = YES;
				ENABLE_TESTABILITY = YES;
				GCC_C_LANGUAGE_STANDARD = gnu11;
				GCC_DYNAMIC_NO_PIC = NO;
				GCC_NO_COMMON_BLOCKS = YES;
				GCC_OPTIMIZATION_LEVEL = 0;
				GCC_PREPROCESSOR_DEFINITIONS = (
					"DEBUG=1",
					"$(inherited)",
				);
				GCC_WARN_64_TO_32_BIT_CONVERSION = YES;
				GCC_WARN_ABOUT_RETURN_TYPE = YES_ERROR;
				GCC_WARN_UNDECLARED_SELECTOR = YES;
				GCC_WARN_UNINITIALIZED_AUTOS = YES_AGGRESSIVE;
				GCC_WARN_UNUSED_FUNCTION = YES;
				GCC_WARN_UNUSED_VARIABLE = YES;
				IPHONEOS_DEPLOYMENT_TARGET = 14.4;
				MTL_ENABLE_DEBUG_INFO = INCLUDE_SOURCE;
				MTL_FAST_MATH = YES;
				ONLY_ACTIVE_ARCH = YES;
				SDKROOT = iphoneos;
				SWIFT_ACTIVE_COMPILATION_CONDITIONS = DEBUG;
				SWIFT_OPTIMIZATION_LEVEL = "-Onone";
			};
			name = Debug;
		};
		750B1CC6263187ED004B0AD7 /* Release */ = {
			isa = XCBuildConfiguration;
			buildSettings = {
				ALWAYS_SEARCH_USER_PATHS = NO;
				CLANG_ANALYZER_NONNULL = YES;
				CLANG_ANALYZER_NUMBER_OBJECT_CONVERSION = YES_AGGRESSIVE;
				CLANG_CXX_LANGUAGE_STANDARD = "gnu++14";
				CLANG_CXX_LIBRARY = "libc++";
				CLANG_ENABLE_MODULES = YES;
				CLANG_ENABLE_OBJC_ARC = YES;
				CLANG_ENABLE_OBJC_WEAK = YES;
				CLANG_WARN_BLOCK_CAPTURE_AUTORELEASING = YES;
				CLANG_WARN_BOOL_CONVERSION = YES;
				CLANG_WARN_COMMA = YES;
				CLANG_WARN_CONSTANT_CONVERSION = YES;
				CLANG_WARN_DEPRECATED_OBJC_IMPLEMENTATIONS = YES;
				CLANG_WARN_DIRECT_OBJC_ISA_USAGE = YES_ERROR;
				CLANG_WARN_DOCUMENTATION_COMMENTS = YES;
				CLANG_WARN_EMPTY_BODY = YES;
				CLANG_WARN_ENUM_CONVERSION = YES;
				CLANG_WARN_INFINITE_RECURSION = YES;
				CLANG_WARN_INT_CONVERSION = YES;
				CLANG_WARN_NON_LITERAL_NULL_CONVERSION = YES;
				CLANG_WARN_OBJC_IMPLICIT_RETAIN_SELF = YES;
				CLANG_WARN_OBJC_LITERAL_CONVERSION = YES;
				CLANG_WARN_OBJC_ROOT_CLASS = YES_ERROR;
				CLANG_WARN_QUOTED_INCLUDE_IN_FRAMEWORK_HEADER = YES;
				CLANG_WARN_RANGE_LOOP_ANALYSIS = YES;
				CLANG_WARN_STRICT_PROTOTYPES = YES;
				CLANG_WARN_SUSPICIOUS_MOVE = YES;
				CLANG_WARN_UNGUARDED_AVAILABILITY = YES_AGGRESSIVE;
				CLANG_WARN_UNREACHABLE_CODE = YES;
				CLANG_WARN__DUPLICATE_METHOD_MATCH = YES;
				COPY_PHASE_STRIP = NO;
				DEBUG_INFORMATION_FORMAT = "dwarf-with-dsym";
				ENABLE_NS_ASSERTIONS = NO;
				ENABLE_STRICT_OBJC_MSGSEND = YES;
				GCC_C_LANGUAGE_STANDARD = gnu11;
				GCC_NO_COMMON_BLOCKS = YES;
				GCC_WARN_64_TO_32_BIT_CONVERSION = YES;
				GCC_WARN_ABOUT_RETURN_TYPE = YES_ERROR;
				GCC_WARN_UNDECLARED_SELECTOR = YES;
				GCC_WARN_UNINITIALIZED_AUTOS = YES_AGGRESSIVE;
				GCC_WARN_UNUSED_FUNCTION = YES;
				GCC_WARN_UNUSED_VARIABLE = YES;
				IPHONEOS_DEPLOYMENT_TARGET = 14.4;
				MTL_ENABLE_DEBUG_INFO = NO;
				MTL_FAST_MATH = YES;
				SDKROOT = iphoneos;
				SWIFT_COMPILATION_MODE = wholemodule;
				SWIFT_OPTIMIZATION_LEVEL = "-O";
				VALIDATE_PRODUCT = YES;
			};
			name = Release;
		};
		750B1CC8263187ED004B0AD7 /* Debug */ = {
			isa = XCBuildConfiguration;
			buildSettings = {
				ASSETCATALOG_COMPILER_APPICON_NAME = AppIcon;
				ASSETCATALOG_COMPILER_GLOBAL_ACCENT_COLOR_NAME = AccentColor;
				CODE_SIGN_STYLE = Automatic;
				DEVELOPMENT_ASSET_PATHS = "\"Africa/Preview Content\"";
				DEVELOPMENT_TEAM = Z28N59729C;
				ENABLE_PREVIEWS = YES;
				INFOPLIST_FILE = Africa/Info.plist;
				IPHONEOS_DEPLOYMENT_TARGET = 14.0;
				LD_RUNPATH_SEARCH_PATHS = (
					"$(inherited)",
					"@executable_path/Frameworks",
				);
				PRODUCT_BUNDLE_IDENTIFIER = br.com.andersonsv.Africa;
				PRODUCT_NAME = "$(TARGET_NAME)";
				SWIFT_VERSION = 5.0;
				TARGETED_DEVICE_FAMILY = "1,2";
			};
			name = Debug;
		};
		750B1CC9263187ED004B0AD7 /* Release */ = {
			isa = XCBuildConfiguration;
			buildSettings = {
				ASSETCATALOG_COMPILER_APPICON_NAME = AppIcon;
				ASSETCATALOG_COMPILER_GLOBAL_ACCENT_COLOR_NAME = AccentColor;
				CODE_SIGN_STYLE = Automatic;
				DEVELOPMENT_ASSET_PATHS = "\"Africa/Preview Content\"";
				DEVELOPMENT_TEAM = Z28N59729C;
				ENABLE_PREVIEWS = YES;
				INFOPLIST_FILE = Africa/Info.plist;
				IPHONEOS_DEPLOYMENT_TARGET = 14.0;
				LD_RUNPATH_SEARCH_PATHS = (
					"$(inherited)",
					"@executable_path/Frameworks",
				);
				PRODUCT_BUNDLE_IDENTIFIER = br.com.andersonsv.Africa;
				PRODUCT_NAME = "$(TARGET_NAME)";
				SWIFT_VERSION = 5.0;
				TARGETED_DEVICE_FAMILY = "1,2";
			};
			name = Release;
		};
/* End XCBuildConfiguration section */

/* Begin XCConfigurationList section */
		750B1CB3263187EC004B0AD7 /* Build configuration list for PBXProject "Africa" */ = {
			isa = XCConfigurationList;
			buildConfigurations = (
				750B1CC5263187ED004B0AD7 /* Debug */,
				750B1CC6263187ED004B0AD7 /* Release */,
			);
			defaultConfigurationIsVisible = 0;
			defaultConfigurationName = Release;
		};
		750B1CC7263187ED004B0AD7 /* Build configuration list for PBXNativeTarget "Africa" */ = {
			isa = XCConfigurationList;
			buildConfigurations = (
				750B1CC8263187ED004B0AD7 /* Debug */,
				750B1CC9263187ED004B0AD7 /* Release */,
			);
			defaultConfigurationIsVisible = 0;
			defaultConfigurationName = Release;
		};
/* End XCConfigurationList section */
	};
	rootObject = 750B1CB0263187EC004B0AD7 /* Project object */;
}
